{
  "pins" : [
    {
      "identity" : "container24",
      "kind" : "remoteSourceControl",
      "location" : "https://github.com/BorisKly/Container24.git",
      "state" : {
        "revision" : "255a705f43110580961559d1098087e087a624e9",
        "version" : "1.0.0"
      }
    }
  ],
  "version" : 2
}
